{
  "name": "logbuch",
  "version": "0.5.1",
  "lockfileVersion": 3,
  "requires": true,
  "packages": {
    "": {
      "name": "logbuch",
      "version": "0.5.1",
      "devDependencies": {
        "@iconify-json/lucide": "^1.2.124"
      }
    },
    "node_modules/@iconify-json/lucide": {
      "version": "1.2.124",
      "resolved": "https://registry.npmjs.org/@iconify-json/lucide/-/lucide-1.2.124.tgz",
      "integrity": "sha512-mO6JyBVNER7uXEkW2bXiN9Rrm6w91IXxwnNmIMbu2KZX0ZPcVZH1xDUTw94pryxESUIpBhinkOUIZIav+TA9ng==",
      "dev": true,
      "license": "ISC",
      "dependencies": {
        "@iconify/types": "*"
      }
    },
    "node_modules/@iconify/types": {
      "version": "2.0.0",
      "resolved": "https://registry.npmjs.org/@iconify/types/-/types-2.0.0.tgz",
      "integrity": "sha512-+wluvCrRhXrhyOmRDJ3q8mux9JkKy5SJ/v8ol2tu4FVjyYvtEzkc/3pK15ET6RKg4b4w4BmTk1+gsCUhf21Ykg==",
      "dev": true,
      "license": "MIT"
    }
  }
}
